
Microsoft Visual Studio Solution File, Format Version 12.00
Project("{F2A71F9B-5D33-465A-A702-920D77279786}") = "FSharpCourse", "FSharpCourse\FSharpCourse.fsproj", "{57F6154F-0914-4DAB-89A9-7E10B3B488F8}"
EndProject
Project("{FAE04EC0-301F-11D3-BF4B-00C04F79EFBC}") = "FCSLib", "FCSLib\FCSLib.csproj", "{AEA4E709-807E-4652-919E-D3E89872F854}"
EndProject
Project("{2150E333-8FDC-42A3-9474-1A3956D46DE8}") = "Workshop", "Workshop", "{1C2E6397-337A-40A7-BA44-8BF1B4C4CBFA}"
EndProject
Project("{2150E333-8FDC-42A3-9474-1A3956D46DE8}") = "Module1", "Module1", "{34673254-F332-4C5B-B70C-9BED74D3EB99}"
ProjectSection(SolutionItems) = preProject
	Workshop\Module1\Demo.fsx = Workshop\Module1\Demo.fsx
EndProjectSection
EndProject
Project("{F2A71F9B-5D33-465A-A702-920D77279786}") = "Application", "Workshop\Module1\Application\Application.fsproj", "{C68E3002-EEFA-43A0-96DC-034D828A5ABC}"
EndProject
Project("{F2A71F9B-5D33-465A-A702-920D77279786}") = "Tests", "Workshop\Module1\Tests\Tests.fsproj", "{CC3D3CAB-D30F-4111-BA2C-0F2C266031D0}"
EndProject
Project("{2150E333-8FDC-42A3-9474-1A3956D46DE8}") = "Module2", "Module2", "{90A5E5CB-2E76-4B3B-9BFF-AE7BDF7895A9}"
ProjectSection(SolutionItems) = preProject
	Workshop\Module2\Demo.fsx = Workshop\Module2\Demo.fsx
EndProjectSection
EndProject
Project("{F2A71F9B-5D33-465A-A702-920D77279786}") = "Tests", "Workshop\Module2\Tests\Tests.fsproj", "{867248F7-C553-421C-ACC8-DB592D7C9FDC}"
EndProject
Project("{F2A71F9B-5D33-465A-A702-920D77279786}") = "Application", "Workshop\Module2\Application\Application.fsproj", "{2D97D442-2C89-44A0-BD1A-38B6D679821A}"
EndProject
Project("{2150E333-8FDC-42A3-9474-1A3956D46DE8}") = "Module3", "Module3", "{7C979FBE-C492-4703-B531-F243670D220C}"
ProjectSection(SolutionItems) = preProject
	Workshop\Module3\Demo.fsx = Workshop\Module3\Demo.fsx
EndProjectSection
EndProject
Project("{F2A71F9B-5D33-465A-A702-920D77279786}") = "Application", "Workshop\Module3\Application\Application.fsproj", "{CDFFA049-5358-489A-97F8-29E17EA74D4A}"
EndProject
Project("{F2A71F9B-5D33-465A-A702-920D77279786}") = "TestProject1", "Workshop\Module3\TestProject1\TestProject1.fsproj", "{2D61C131-9EE9-427E-B86F-479D60EB9F53}"
EndProject
Project("{2150E333-8FDC-42A3-9474-1A3956D46DE8}") = "Module4", "Module4", "{F7D09ED4-E1AE-49FF-B2C4-779B07545C9B}"
ProjectSection(SolutionItems) = preProject
	Workshop\Module4\Demo.fsx = Workshop\Module4\Demo.fsx
	Workshop\Module4\ScriptDSL.fsx = Workshop\Module4\ScriptDSL.fsx
EndProjectSection
EndProject
Project("{F2A71F9B-5D33-465A-A702-920D77279786}") = "Application", "Workshop\Module4\Application\Application.fsproj", "{D6B9A5CB-71D3-4B61-99B7-72FCE569BF30}"
EndProject
Project("{F2A71F9B-5D33-465A-A702-920D77279786}") = "TestProject1", "Workshop\Module4\TestProject1\TestProject1.fsproj", "{09CC5087-61A6-45FC-8B63-9B899C2EB111}"
EndProject
Project("{2150E333-8FDC-42A3-9474-1A3956D46DE8}") = "Module5", "Module5", "{7364B820-F2ED-4CAF-B3D3-30BFBB69791F}"
ProjectSection(SolutionItems) = preProject
	Workshop\Module5\Demo.fsx = Workshop\Module5\Demo.fsx
EndProjectSection
EndProject
Project("{F2A71F9B-5D33-465A-A702-920D77279786}") = "Application", "Workshop\Module5\Application\Application.fsproj", "{2BA218F8-CC04-4820-9E6D-3932DD4DBA30}"
EndProject
Project("{2150E333-8FDC-42A3-9474-1A3956D46DE8}") = "Koans", "Koans", "{1B950FBA-BB52-4D02-A097-226981667A86}"
ProjectSection(SolutionItems) = preProject
	Workshop\Koans\docker-meditate.sh = Workshop\Koans\docker-meditate.sh
	Workshop\Koans\docker.sh = Workshop\Koans\docker.sh
	Workshop\Koans\Dockerfile = Workshop\Koans\Dockerfile
	Workshop\Koans\README.md = Workshop\Koans\README.md
EndProjectSection
EndProject
Project("{F2A71F9B-5D33-465A-A702-920D77279786}") = "Koans", "Workshop\Koans\Koans\Koans.fsproj", "{6E0ECC9D-4C17-4968-B771-78C339110010}"
EndProject
Project("{F2A71F9B-5D33-465A-A702-920D77279786}") = "Koans.Core", "Workshop\Koans\Koans.Core\Koans.Core.fsproj", "{97205518-652F-494B-AEB8-0948D663A32A}"
EndProject
Project("{F2A71F9B-5D33-465A-A702-920D77279786}") = "Koans.Test", "Workshop\Koans\Koans.Test\Koans.Test.fsproj", "{7E6FE681-3CE5-4031-93E7-C69CE11C48D7}"
EndProject
Project("{2150E333-8FDC-42A3-9474-1A3956D46DE8}") = "Module6", "Module6", "{DD248E2A-513D-4FAE-AD71-0A5EE085287B}"
ProjectSection(SolutionItems) = preProject
	Workshop\Module6\ExprMath.fsx = Workshop\Module6\ExprMath.fsx
	Workshop\Module6\ScriptDSL.fsx = Workshop\Module6\ScriptDSL.fsx
EndProjectSection
EndProject
Project("{F2A71F9B-5D33-465A-A702-920D77279786}") = "Application", "Workshop\Module6\Application\Application.fsproj", "{72A16E84-8194-4851-9882-24CD8139FF85}"
EndProject
Global
	GlobalSection(SolutionConfigurationPlatforms) = preSolution
		Debug|Any CPU = Debug|Any CPU
		Release|Any CPU = Release|Any CPU
	EndGlobalSection
	GlobalSection(ProjectConfigurationPlatforms) = postSolution
		{57F6154F-0914-4DAB-89A9-7E10B3B488F8}.Debug|Any CPU.ActiveCfg = Debug|Any CPU
		{57F6154F-0914-4DAB-89A9-7E10B3B488F8}.Debug|Any CPU.Build.0 = Debug|Any CPU
		{57F6154F-0914-4DAB-89A9-7E10B3B488F8}.Release|Any CPU.ActiveCfg = Release|Any CPU
		{57F6154F-0914-4DAB-89A9-7E10B3B488F8}.Release|Any CPU.Build.0 = Release|Any CPU
		{AEA4E709-807E-4652-919E-D3E89872F854}.Debug|Any CPU.ActiveCfg = Debug|Any CPU
		{AEA4E709-807E-4652-919E-D3E89872F854}.Debug|Any CPU.Build.0 = Debug|Any CPU
		{AEA4E709-807E-4652-919E-D3E89872F854}.Release|Any CPU.ActiveCfg = Release|Any CPU
		{AEA4E709-807E-4652-919E-D3E89872F854}.Release|Any CPU.Build.0 = Release|Any CPU
		{C68E3002-EEFA-43A0-96DC-034D828A5ABC}.Debug|Any CPU.ActiveCfg = Debug|Any CPU
		{C68E3002-EEFA-43A0-96DC-034D828A5ABC}.Debug|Any CPU.Build.0 = Debug|Any CPU
		{C68E3002-EEFA-43A0-96DC-034D828A5ABC}.Release|Any CPU.ActiveCfg = Release|Any CPU
		{C68E3002-EEFA-43A0-96DC-034D828A5ABC}.Release|Any CPU.Build.0 = Release|Any CPU
		{CC3D3CAB-D30F-4111-BA2C-0F2C266031D0}.Debug|Any CPU.ActiveCfg = Debug|Any CPU
		{CC3D3CAB-D30F-4111-BA2C-0F2C266031D0}.Debug|Any CPU.Build.0 = Debug|Any CPU
		{CC3D3CAB-D30F-4111-BA2C-0F2C266031D0}.Release|Any CPU.ActiveCfg = Release|Any CPU
		{CC3D3CAB-D30F-4111-BA2C-0F2C266031D0}.Release|Any CPU.Build.0 = Release|Any CPU
		{867248F7-C553-421C-ACC8-DB592D7C9FDC}.Debug|Any CPU.ActiveCfg = Debug|Any CPU
		{867248F7-C553-421C-ACC8-DB592D7C9FDC}.Debug|Any CPU.Build.0 = Debug|Any CPU
		{867248F7-C553-421C-ACC8-DB592D7C9FDC}.Release|Any CPU.ActiveCfg = Release|Any CPU
		{867248F7-C553-421C-ACC8-DB592D7C9FDC}.Release|Any CPU.Build.0 = Release|Any CPU
		{2D97D442-2C89-44A0-BD1A-38B6D679821A}.Debug|Any CPU.ActiveCfg = Debug|Any CPU
		{2D97D442-2C89-44A0-BD1A-38B6D679821A}.Debug|Any CPU.Build.0 = Debug|Any CPU
		{2D97D442-2C89-44A0-BD1A-38B6D679821A}.Release|Any CPU.ActiveCfg = Release|Any CPU
		{2D97D442-2C89-44A0-BD1A-38B6D679821A}.Release|Any CPU.Build.0 = Release|Any CPU
		{CDFFA049-5358-489A-97F8-29E17EA74D4A}.Debug|Any CPU.ActiveCfg = Debug|Any CPU
		{CDFFA049-5358-489A-97F8-29E17EA74D4A}.Debug|Any CPU.Build.0 = Debug|Any CPU
		{CDFFA049-5358-489A-97F8-29E17EA74D4A}.Release|Any CPU.ActiveCfg = Release|Any CPU
		{CDFFA049-5358-489A-97F8-29E17EA74D4A}.Release|Any CPU.Build.0 = Release|Any CPU
		{2D61C131-9EE9-427E-B86F-479D60EB9F53}.Debug|Any CPU.ActiveCfg = Debug|Any CPU
		{2D61C131-9EE9-427E-B86F-479D60EB9F53}.Debug|Any CPU.Build.0 = Debug|Any CPU
		{2D61C131-9EE9-427E-B86F-479D60EB9F53}.Release|Any CPU.ActiveCfg = Release|Any CPU
		{2D61C131-9EE9-427E-B86F-479D60EB9F53}.Release|Any CPU.Build.0 = Release|Any CPU
		{D6B9A5CB-71D3-4B61-99B7-72FCE569BF30}.Debug|Any CPU.ActiveCfg = Debug|Any CPU
		{D6B9A5CB-71D3-4B61-99B7-72FCE569BF30}.Debug|Any CPU.Build.0 = Debug|Any CPU
		{D6B9A5CB-71D3-4B61-99B7-72FCE569BF30}.Release|Any CPU.ActiveCfg = Release|Any CPU
		{D6B9A5CB-71D3-4B61-99B7-72FCE569BF30}.Release|Any CPU.Build.0 = Release|Any CPU
		{09CC5087-61A6-45FC-8B63-9B899C2EB111}.Debug|Any CPU.ActiveCfg = Debug|Any CPU
		{09CC5087-61A6-45FC-8B63-9B899C2EB111}.Debug|Any CPU.Build.0 = Debug|Any CPU
		{09CC5087-61A6-45FC-8B63-9B899C2EB111}.Release|Any CPU.ActiveCfg = Release|Any CPU
		{09CC5087-61A6-45FC-8B63-9B899C2EB111}.Release|Any CPU.Build.0 = Release|Any CPU
		{2BA218F8-CC04-4820-9E6D-3932DD4DBA30}.Debug|Any CPU.ActiveCfg = Debug|Any CPU
		{2BA218F8-CC04-4820-9E6D-3932DD4DBA30}.Debug|Any CPU.Build.0 = Debug|Any CPU
		{2BA218F8-CC04-4820-9E6D-3932DD4DBA30}.Release|Any CPU.ActiveCfg = Release|Any CPU
		{2BA218F8-CC04-4820-9E6D-3932DD4DBA30}.Release|Any CPU.Build.0 = Release|Any CPU
		{6E0ECC9D-4C17-4968-B771-78C339110010}.Debug|Any CPU.ActiveCfg = Debug|Any CPU
		{6E0ECC9D-4C17-4968-B771-78C339110010}.Debug|Any CPU.Build.0 = Debug|Any CPU
		{6E0ECC9D-4C17-4968-B771-78C339110010}.Release|Any CPU.ActiveCfg = Release|Any CPU
		{6E0ECC9D-4C17-4968-B771-78C339110010}.Release|Any CPU.Build.0 = Release|Any CPU
		{97205518-652F-494B-AEB8-0948D663A32A}.Debug|Any CPU.ActiveCfg = Debug|Any CPU
		{97205518-652F-494B-AEB8-0948D663A32A}.Debug|Any CPU.Build.0 = Debug|Any CPU
		{97205518-652F-494B-AEB8-0948D663A32A}.Release|Any CPU.ActiveCfg = Release|Any CPU
		{97205518-652F-494B-AEB8-0948D663A32A}.Release|Any CPU.Build.0 = Release|Any CPU
		{7E6FE681-3CE5-4031-93E7-C69CE11C48D7}.Debug|Any CPU.ActiveCfg = Debug|Any CPU
		{7E6FE681-3CE5-4031-93E7-C69CE11C48D7}.Debug|Any CPU.Build.0 = Debug|Any CPU
		{7E6FE681-3CE5-4031-93E7-C69CE11C48D7}.Release|Any CPU.ActiveCfg = Release|Any CPU
		{7E6FE681-3CE5-4031-93E7-C69CE11C48D7}.Release|Any CPU.Build.0 = Release|Any CPU
		{72A16E84-8194-4851-9882-24CD8139FF85}.Debug|Any CPU.ActiveCfg = Debug|Any CPU
		{72A16E84-8194-4851-9882-24CD8139FF85}.Debug|Any CPU.Build.0 = Debug|Any CPU
		{72A16E84-8194-4851-9882-24CD8139FF85}.Release|Any CPU.ActiveCfg = Release|Any CPU
		{72A16E84-8194-4851-9882-24CD8139FF85}.Release|Any CPU.Build.0 = Release|Any CPU
	EndGlobalSection
	GlobalSection(NestedProjects) = preSolution
		{34673254-F332-4C5B-B70C-9BED74D3EB99} = {1C2E6397-337A-40A7-BA44-8BF1B4C4CBFA}
		{C68E3002-EEFA-43A0-96DC-034D828A5ABC} = {34673254-F332-4C5B-B70C-9BED74D3EB99}
		{CC3D3CAB-D30F-4111-BA2C-0F2C266031D0} = {34673254-F332-4C5B-B70C-9BED74D3EB99}
		{90A5E5CB-2E76-4B3B-9BFF-AE7BDF7895A9} = {1C2E6397-337A-40A7-BA44-8BF1B4C4CBFA}
		{867248F7-C553-421C-ACC8-DB592D7C9FDC} = {90A5E5CB-2E76-4B3B-9BFF-AE7BDF7895A9}
		{2D97D442-2C89-44A0-BD1A-38B6D679821A} = {90A5E5CB-2E76-4B3B-9BFF-AE7BDF7895A9}
		{7C979FBE-C492-4703-B531-F243670D220C} = {1C2E6397-337A-40A7-BA44-8BF1B4C4CBFA}
		{CDFFA049-5358-489A-97F8-29E17EA74D4A} = {7C979FBE-C492-4703-B531-F243670D220C}
		{2D61C131-9EE9-427E-B86F-479D60EB9F53} = {7C979FBE-C492-4703-B531-F243670D220C}
		{F7D09ED4-E1AE-49FF-B2C4-779B07545C9B} = {1C2E6397-337A-40A7-BA44-8BF1B4C4CBFA}
		{D6B9A5CB-71D3-4B61-99B7-72FCE569BF30} = {F7D09ED4-E1AE-49FF-B2C4-779B07545C9B}
		{09CC5087-61A6-45FC-8B63-9B899C2EB111} = {F7D09ED4-E1AE-49FF-B2C4-779B07545C9B}
		{7364B820-F2ED-4CAF-B3D3-30BFBB69791F} = {1C2E6397-337A-40A7-BA44-8BF1B4C4CBFA}
		{2BA218F8-CC04-4820-9E6D-3932DD4DBA30} = {7364B820-F2ED-4CAF-B3D3-30BFBB69791F}
		{1B950FBA-BB52-4D02-A097-226981667A86} = {1C2E6397-337A-40A7-BA44-8BF1B4C4CBFA}
		{6E0ECC9D-4C17-4968-B771-78C339110010} = {1B950FBA-BB52-4D02-A097-226981667A86}
		{97205518-652F-494B-AEB8-0948D663A32A} = {1B950FBA-BB52-4D02-A097-226981667A86}
		{7E6FE681-3CE5-4031-93E7-C69CE11C48D7} = {1B950FBA-BB52-4D02-A097-226981667A86}
		{DD248E2A-513D-4FAE-AD71-0A5EE085287B} = {1C2E6397-337A-40A7-BA44-8BF1B4C4CBFA}
		{72A16E84-8194-4851-9882-24CD8139FF85} = {DD248E2A-513D-4FAE-AD71-0A5EE085287B}
	EndGlobalSection
EndGlobal
